PODS:
  - WCDebugKit (0.1.0):
    - WCDebugKit/AppInfoViewer (= 0.1.0)
    - WCDebugKit/DebugPanel (= 0.1.0)
    - WCDebugKit/DeviceInfoViewer (= 0.1.0)
    - WCDebugKit/FileExplorer (= 0.1.0)
    - WCDebugKit/ViewInspector (= 0.1.0)
  - WCDebugKit/AppInfoViewer (0.1.0):
    - WCDebugKit/DebugPanel
  - WCDebugKit/DebugPanel (0.1.0)
  - WCDebugKit/DeviceInfoViewer (0.1.0):
    - WCDebugKit/DebugPanel
  - WCDebugKit/FileExplorer (0.1.0):
    - WCDebugKit/DebugPanel
  - WCDebugKit/ViewInspector (0.1.0):
    - WCDebugKit/DebugPanel

DEPENDENCIES:
  - WCDebugKit (from `../`)

EXTERNAL SOURCES:
  WCDebugKit:
    :path: ../

SPEC CHECKSUMS:
  WCDebugKit: 0099ab73d6ac3cf50d42bfd20a8c7bc3185bb48d

PODFILE CHECKSUM: 56b073bea031102fd05d49cbef016ebb536042f5

COCOAPODS: 1.3.1
